{
  "name": "rt3",
  "version": "1.0.0",
  "lockfileVersion": 3,
  "requires": true,
  "packages": {
    "": {
      "name": "rt3",
      "version": "1.0.0",
      "license": "ISC",
      "dependencies": {
        "modulort3": "github:luanaapms/moduloRT3"
      }
    },
    "node_modules/modulort3": {
      "version": "1.0.0",
      "resolved": "git+ssh://git@github.com/luanaapms/moduloRT3.git#8c2984e17bd88e3eb9828940c4177a7ba1a238b5",
      "license": "ISC"
    }
  }
}
